
Microsoft Visual Studio Solution File, Format Version 12.00
# Visual Studio Version 17
VisualStudioVersion = 17.14.36408.4 d17.14
MinimumVisualStudioVersion = 10.0.40219.1
Project("{FAE04EC0-301F-11D3-BF4B-00C04F79EFBC}") = "GraphQL_Demo", "GraphQL_Demo\GraphQL_Demo.csproj", "{127E0EAD-D4F2-40E5-902E-3FCCC50E410C}"
EndProject
Global
	GlobalSection(SolutionConfigurationPlatforms) = preSolution
		Debug|Any CPU = Debug|Any CPU
		Release|Any CPU = Release|Any CPU
	EndGlobalSection
	GlobalSection(ProjectConfigurationPlatforms) = postSolution
		{127E0EAD-D4F2-40E5-902E-3FCCC50E410C}.Debug|Any CPU.ActiveCfg = Debug|Any CPU
		{127E0EAD-D4F2-40E5-902E-3FCCC50E410C}.Debug|Any CPU.Build.0 = Debug|Any CPU
		{127E0EAD-D4F2-40E5-902E-3FCCC50E410C}.Release|Any CPU.ActiveCfg = Release|Any CPU
		{127E0EAD-D4F2-40E5-902E-3FCCC50E410C}.Release|Any CPU.Build.0 = Release|Any CPU
	EndGlobalSection
	GlobalSection(SolutionProperties) = preSolution
		HideSolutionNode = FALSE
	EndGlobalSection
	GlobalSection(ExtensibilityGlobals) = postSolution
		SolutionGuid = {FA63E7F8-9F69-475F-AF91-C49762CB7307}
	EndGlobalSection
EndGlobal
